{
  "name": "ryaksv3-data",
  "version": "4.0.0",
  "lockfileVersion": 3,
  "requires": true,
  "packages": {
    "": {
      "name": "ryaksv3-data",
      "version": "4.0.0",
      "license": "MIT",
      "dependencies": {
        "ryaksv3-data": "^2.2.3"
      }
    },
    "node_modules/ryaksv3-data": {
      "version": "2.2.3",
      "resolved": "https://registry.npmjs.org/ryaksv3-data/-/ryaksv3-data-2.2.3.tgz",
      "integrity": "sha512-VD43tMZafrH5hXeBeHp96CsWyJUtN3XzHAhamA0aYyNq979y+v1gmgEuSRDJA/MWkGz6uLkeDVU6cUeNAifw5Q=="
    }
  }
}
